
Microsoft Visual Studio Solution File, Format Version 12.00
# Visual Studio Version 16
VisualStudioVersion = 16.0.33801.447
MinimumVisualStudioVersion = 10.0.40219.1
Project("{FAE04EC0-301F-11D3-BF4B-00C04F79EFBC}") = "TiendaOnline.PresentacionAdmin", "TiendaOnline.Admin\TiendaOnline.PresentacionAdmin.csproj", "{95BCAFD4-DE2B-46C6-8B6C-381874B46700}"
EndProject
Project("{FAE04EC0-301F-11D3-BF4B-00C04F79EFBC}") = "TiendaOnline.PresentacionTienda", "TiendaOnline.Tienda\TiendaOnline.PresentacionTienda.csproj", "{8895A704-F777-45C7-95E3-02BF122E7A90}"
EndProject
Project("{FAE04EC0-301F-11D3-BF4B-00C04F79EFBC}") = "TiendaOnline.Datos", "TiendaOnline.Datos\TiendaOnline.Datos.csproj", "{15C50E31-6537-4246-9FEB-C65EF8914C49}"
EndProject
Project("{FAE04EC0-301F-11D3-BF4B-00C04F79EFBC}") = "TiendaOnline.Entidades", "TiendaOnline.Entidades\TiendaOnline.Entidades.csproj", "{2869C777-FA75-453E-BF6F-E26E46D7B617}"
EndProject
Project("{FAE04EC0-301F-11D3-BF4B-00C04F79EFBC}") = "TiendaOnline.Negocio", "TiendaOnline.Negocio\TiendaOnline.Negocio.csproj", "{17A2FF54-0267-47AB-BE99-D76070E36AEE}"
EndProject
Global
	GlobalSection(SolutionConfigurationPlatforms) = preSolution
		Debug|Any CPU = Debug|Any CPU
		Release|Any CPU = Release|Any CPU
	EndGlobalSection
	GlobalSection(ProjectConfigurationPlatforms) = postSolution
		{95BCAFD4-DE2B-46C6-8B6C-381874B46700}.Debug|Any CPU.ActiveCfg = Debug|Any CPU
		{95BCAFD4-DE2B-46C6-8B6C-381874B46700}.Debug|Any CPU.Build.0 = Debug|Any CPU
		{95BCAFD4-DE2B-46C6-8B6C-381874B46700}.Release|Any CPU.ActiveCfg = Release|Any CPU
		{95BCAFD4-DE2B-46C6-8B6C-381874B46700}.Release|Any CPU.Build.0 = Release|Any CPU
		{8895A704-F777-45C7-95E3-02BF122E7A90}.Debug|Any CPU.ActiveCfg = Debug|Any CPU
		{8895A704-F777-45C7-95E3-02BF122E7A90}.Debug|Any CPU.Build.0 = Debug|Any CPU
		{8895A704-F777-45C7-95E3-02BF122E7A90}.Release|Any CPU.ActiveCfg = Release|Any CPU
		{8895A704-F777-45C7-95E3-02BF122E7A90}.Release|Any CPU.Build.0 = Release|Any CPU
		{15C50E31-6537-4246-9FEB-C65EF8914C49}.Debug|Any CPU.ActiveCfg = Debug|Any CPU
		{15C50E31-6537-4246-9FEB-C65EF8914C49}.Debug|Any CPU.Build.0 = Debug|Any CPU
		{15C50E31-6537-4246-9FEB-C65EF8914C49}.Release|Any CPU.ActiveCfg = Release|Any CPU
		{15C50E31-6537-4246-9FEB-C65EF8914C49}.Release|Any CPU.Build.0 = Release|Any CPU
		{2869C777-FA75-453E-BF6F-E26E46D7B617}.Debug|Any CPU.ActiveCfg = Debug|Any CPU
		{2869C777-FA75-453E-BF6F-E26E46D7B617}.Debug|Any CPU.Build.0 = Debug|Any CPU
		{2869C777-FA75-453E-BF6F-E26E46D7B617}.Release|Any CPU.ActiveCfg = Release|Any CPU
		{2869C777-FA75-453E-BF6F-E26E46D7B617}.Release|Any CPU.Build.0 = Release|Any CPU
		{17A2FF54-0267-47AB-BE99-D76070E36AEE}.Debug|Any CPU.ActiveCfg = Debug|Any CPU
		{17A2FF54-0267-47AB-BE99-D76070E36AEE}.Debug|Any CPU.Build.0 = Debug|Any CPU
		{17A2FF54-0267-47AB-BE99-D76070E36AEE}.Release|Any CPU.ActiveCfg = Release|Any CPU
		{17A2FF54-0267-47AB-BE99-D76070E36AEE}.Release|Any CPU.Build.0 = Release|Any CPU
	EndGlobalSection
	GlobalSection(SolutionProperties) = preSolution
		HideSolutionNode = FALSE
	EndGlobalSection
	GlobalSection(ExtensibilityGlobals) = postSolution
		SolutionGuid = {502DE71F-C02F-4E2C-A2DB-661844FC2EDD}
	EndGlobalSection
EndGlobal
